# THIS IS AN AUTOGENERATED FILE. DO NOT EDIT THIS FILE DIRECTLY.
# yarn lockfile v1


react-hook-form@^7.48.2:
  version "7.48.2"
  resolved "https://registry.yarnpkg.com/react-hook-form/-/react-hook-form-7.48.2.tgz#01150354d2be61412ff56a030b62a119283b9935"
  integrity sha512-H0T2InFQb1hX7qKtDIZmvpU1Xfn/bdahWBN1fH19gSe4bBEqTfmlr7H3XWTaVtiK4/tpPaI1F3355GPMZYge+A==
